// !$*UTF8*$!
{
	archiveVersion = 1;
	classes = {
	};
	objectVersion = 77;
	objects = {

/* Begin PBXBuildFile section */
		A224255E2CBCBAB600D34A36 /* SwordWard in Frameworks */ = {isa = PBXBuildFile; productRef = A224255D2CBCBAB600D34A36 /* SwordWard */; };
/* End PBXBuildFile section */

/* Begin PBXContainerItemProxy section */
		A224252F2CBBB5C900D34A36 /* PBXContainerItemProxy */ = {
			isa = PBXContainerItemProxy;
			containerPortal = A22425132CBBB5C700D34A36 /* Project object */;
			proxyType = 1;
			remoteGlobalIDString = A224251A2CBBB5C700D34A36;
			remoteInfo = "github-merge";
		};
		A22425392CBBB5C900D34A36 /* PBXContainerItemProxy */ = {
			isa = PBXContainerItemProxy;
			containerPortal = A22425132CBBB5C700D34A36 /* Project object */;
			proxyType = 1;
			remoteGlobalIDString = A224251A2CBBB5C700D34A36;
			remoteInfo = "github-merge";
		};
/* End PBXContainerItemProxy section */

/* Begin PBXFileReference section */
		A224251B2CBBB5C700D34A36 /* github-merge.app */ = {isa = PBXFileReference; explicitFileType = wrapper.application; includeInIndex = 0; path = "github-merge.app"; sourceTree = BUILT_PRODUCTS_DIR; };
		A224252E2CBBB5C900D34A36 /* github-mergeTests.xctest */ = {isa = PBXFileReference; explicitFileType = wrapper.cfbundle; includeInIndex = 0; path = "github-mergeTests.xctest"; sourceTree = BUILT_PRODUCTS_DIR; };
		A22425382CBBB5C900D34A36 /* github-mergeUITests.xctest */ = {isa = PBXFileReference; explicitFileType = wrapper.cfbundle; includeInIndex = 0; path = "github-mergeUITests.xctest"; sourceTree = BUILT_PRODUCTS_DIR; };
/* End PBXFileReference section */

/* Begin PBXFileSystemSynchronizedBuildFileExceptionSet section */
		A224255B2CBCB8BD00D34A36 /* Exceptions for "github-merge" folder in "github-merge" target */ = {
			isa = PBXFileSystemSynchronizedBuildFileExceptionSet;
			membershipExceptions = (
				Info.plist,
			);
			target = A224251A2CBBB5C700D34A36 /* github-merge */;
		};
/* End PBXFileSystemSynchronizedBuildFileExceptionSet section */

/* Begin PBXFileSystemSynchronizedRootGroup section */
		A224251D2CBBB5C700D34A36 /* github-merge */ = {
			isa = PBXFileSystemSynchronizedRootGroup;
			exceptions = (
				A224255B2CBCB8BD00D34A36 /* Exceptions for "github-merge" folder in "github-merge" target */,
			);
			path = "github-merge";
			sourceTree = "<group>";
		};
		A22425312CBBB5C900D34A36 /* github-mergeTests */ = {
			isa = PBXFileSystemSynchronizedRootGroup;
			path = "github-mergeTests";
			sourceTree = "<group>";
		};
		A224253B2CBBB5C900D34A36 /* github-mergeUITests */ = {
			isa = PBXFileSystemSynchronizedRootGroup;
			path = "github-mergeUITests";
			sourceTree = "<group>";
		};
/* End PBXFileSystemSynchronizedRootGroup section */

/* Begin PBXFrameworksBuildPhase section */
		A22425182CBBB5C700D34A36 /* Frameworks */ = {
			isa = PBXFrameworksBuildPhase;
			buildActionMask = 2147483647;
			files = (
				A224255E2CBCBAB600D34A36 /* SwordWard in Frameworks */,
			);
			runOnlyForDeploymentPostprocessing = 0;
		};
		A224252B2CBBB5C900D34A36 /* Frameworks */ = {
			isa = PBXFrameworksBuildPhase;
			buildActionMask = 2147483647;
			files = (
			);
			runOnlyForDeploymentPostprocessing = 0;
		};
		A22425352CBBB5C900D34A36 /* Frameworks */ = {
			isa = PBXFrameworksBuildPhase;
			buildActionMask = 2147483647;
			files = (
			);
			runOnlyForDeploymentPostprocessing = 0;
		};
/* End PBXFrameworksBuildPhase section */

/* Begin PBXGroup section */
		A22425122CBBB5C700D34A36 = {
			isa = PBXGroup;
			children = (
				A224251D2CBBB5C700D34A36 /* github-merge */,
				A22425312CBBB5C900D34A36 /* github-mergeTests */,
				A224253B2CBBB5C900D34A36 /* github-mergeUITests */,
				A224251C2CBBB5C700D34A36 /* Products */,
			);
			sourceTree = "<group>";
		};
		A224251C2CBBB5C700D34A36 /* Products */ = {
			isa = PBXGroup;
			children = (
				A224251B2CBBB5C700D34A36 /* github-merge.app */,
				A224252E2CBBB5C900D34A36 /* github-mergeTests.xctest */,
				A22425382CBBB5C900D34A36 /* github-mergeUITests.xctest */,
			);
			name = Products;
			sourceTree = "<group>";
		};
/* End PBXGroup section */

/* Begin PBXNativeTarget section */
		A224251A2CBBB5C700D34A36 /* github-merge */ = {
			isa = PBXNativeTarget;
			buildConfigurationList = A22425422CBBB5C900D34A36 /* Build configuration list for PBXNativeTarget "github-merge" */;
			buildPhases = (
				A22425172CBBB5C700D34A36 /* Sources */,
				A22425182CBBB5C700D34A36 /* Frameworks */,
				A22425192CBBB5C700D34A36 /* Resources */,
			);
			buildRules = (
			);
			dependencies = (
			);
			fileSystemSynchronizedGroups = (
				A224251D2CBBB5C700D34A36 /* github-merge */,
			);
			name = "github-merge";
			packageProductDependencies = (
				A224255D2CBCBAB600D34A36 /* SwordWard */,
			);
			productName = "github-merge";
			productReference = A224251B2CBBB5C700D34A36 /* github-merge.app */;
			productType = "com.apple.product-type.application";
		};
		A224252D2CBBB5C900D34A36 /* github-mergeTests */ = {
			isa = PBXNativeTarget;
			buildConfigurationList = A22425452CBBB5C900D34A36 /* Build configuration list for PBXNativeTarget "github-mergeTests" */;
			buildPhases = (
				A224252A2CBBB5C900D34A36 /* Sources */,
				A224252B2CBBB5C900D34A36 /* Frameworks */,
				A224252C2CBBB5C900D34A36 /* Resources */,
			);
			buildRules = (
			);
			dependencies = (
				A22425302CBBB5C900D34A36 /* PBXTargetDependency */,
			);
			fileSystemSynchronizedGroups = (
				A22425312CBBB5C900D34A36 /* github-mergeTests */,
			);
			name = "github-mergeTests";
			packageProductDependencies = (
			);
			productName = "github-mergeTests";
			productReference = A224252E2CBBB5C900D34A36 /* github-mergeTests.xctest */;
			productType = "com.apple.product-type.bundle.unit-test";
		};
		A22425372CBBB5C900D34A36 /* github-mergeUITests */ = {
			isa = PBXNativeTarget;
			buildConfigurationList = A22425482CBBB5C900D34A36 /* Build configuration list for PBXNativeTarget "github-mergeUITests" */;
			buildPhases = (
				A22425342CBBB5C900D34A36 /* Sources */,
				A22425352CBBB5C900D34A36 /* Frameworks */,
				A22425362CBBB5C900D34A36 /* Resources */,
			);
			buildRules = (
			);
			dependencies = (
				A224253A2CBBB5C900D34A36 /* PBXTargetDependency */,
			);
			fileSystemSynchronizedGroups = (
				A224253B2CBBB5C900D34A36 /* github-mergeUITests */,
			);
			name = "github-mergeUITests";
			packageProductDependencies = (
			);
			productName = "github-mergeUITests";
			productReference = A22425382CBBB5C900D34A36 /* github-mergeUITests.xctest */;
			productType = "com.apple.product-type.bundle.ui-testing";
		};
/* End PBXNativeTarget section */

/* Begin PBXProject section */
		A22425132CBBB5C700D34A36 /* Project object */ = {
			isa = PBXProject;
			attributes = {
				BuildIndependentTargetsInParallel = 1;
				LastSwiftUpdateCheck = 1600;
				LastUpgradeCheck = 1600;
				TargetAttributes = {
					A224251A2CBBB5C700D34A36 = {
						CreatedOnToolsVersion = 16.0;
					};
					A224252D2CBBB5C900D34A36 = {
						CreatedOnToolsVersion = 16.0;
						TestTargetID = A224251A2CBBB5C700D34A36;
					};
					A22425372CBBB5C900D34A36 = {
						CreatedOnToolsVersion = 16.0;
						TestTargetID = A224251A2CBBB5C700D34A36;
					};
				};
			};
			buildConfigurationList = A22425162CBBB5C700D34A36 /* Build configuration list for PBXProject "github-merge" */;
			developmentRegion = en;
			hasScannedForEncodings = 0;
			knownRegions = (
				en,
				Base,
			);
			mainGroup = A22425122CBBB5C700D34A36;
			minimizedProjectReferenceProxies = 1;
			packageReferences = (
				A224255C2CBCBAB600D34A36 /* XCLocalSwiftPackageReference "../../SwordWard" */,
			);
			preferredProjectObjectVersion = 77;
			productRefGroup = A224251C2CBBB5C700D34A36 /* Products */;
			projectDirPath = "";
			projectRoot = "";
			targets = (
				A224251A2CBBB5C700D34A36 /* github-merge */,
				A224252D2CBBB5C900D34A36 /* github-mergeTests */,
				A22425372CBBB5C900D34A36 /* github-mergeUITests */,
			);
		};
/* End PBXProject section */

/* Begin PBXResourcesBuildPhase section */
		A22425192CBBB5C700D34A36 /* Resources */ = {
			isa = PBXResourcesBuildPhase;
			buildActionMask = 2147483647;
			files = (
			);
			runOnlyForDeploymentPostprocessing = 0;
		};
		A224252C2CBBB5C900D34A36 /* Resources */ = {
			isa = PBXResourcesBuildPhase;
			buildActionMask = 2147483647;
			files = (
			);
			runOnlyForDeploymentPostprocessing = 0;
		};
		A22425362CBBB5C900D34A36 /* Resources */ = {
			isa = PBXResourcesBuildPhase;
			buildActionMask = 2147483647;
			files = (
			);
			runOnlyForDeploymentPostprocessing = 0;
		};
/* End PBXResourcesBuildPhase section */

/* Begin PBXSourcesBuildPhase section */
		A22425172CBBB5C700D34A36 /* Sources */ = {
			isa = PBXSourcesBuildPhase;
			buildActionMask = 2147483647;
			files = (
			);
			runOnlyForDeploymentPostprocessing = 0;
		};
		A224252A2CBBB5C900D34A36 /* Sources */ = {
			isa = PBXSourcesBuildPhase;
			buildActionMask = 2147483647;
			files = (
			);
			runOnlyForDeploymentPostprocessing = 0;
		};
		A22425342CBBB5C900D34A36 /* Sources */ = {
			isa = PBXSourcesBuildPhase;
			buildActionMask = 2147483647;
			files = (
			);
			runOnlyForDeploymentPostprocessing = 0;
		};
/* End PBXSourcesBuildPhase section */

/* Begin PBXTargetDependency section */
		A22425302CBBB5C900D34A36 /* PBXTargetDependency */ = {
			isa = PBXTargetDependency;
			target = A224251A2CBBB5C700D34A36 /* github-merge */;
			targetProxy = A224252F2CBBB5C900D34A36 /* PBXContainerItemProxy */;
		};
		A224253A2CBBB5C900D34A36 /* PBXTargetDependency */ = {
			isa = PBXTargetDependency;
			target = A224251A2CBBB5C700D34A36 /* github-merge */;
			targetProxy = A22425392CBBB5C900D34A36 /* PBXContainerItemProxy */;
		};
/* End PBXTargetDependency section */

/* Begin XCBuildConfiguration section */
		A22425402CBBB5C900D34A36 /* Debug */ = {
			isa = XCBuildConfiguration;
			buildSettings = {
				ALWAYS_SEARCH_USER_PATHS = NO;
				ASSETCATALOG_COMPILER_GENERATE_SWIFT_ASSET_SYMBOL_EXTENSIONS = YES;
				CLANG_ANALYZER_NONNULL = YES;
				CLANG_ANALYZER_NUMBER_OBJECT_CONVERSION = YES_AGGRESSIVE;
				CLANG_CXX_LANGUAGE_STANDARD = "gnu++20";
				CLANG_ENABLE_MODULES = YES;
				CLANG_ENABLE_OBJC_ARC = YES;
				CLANG_ENABLE_OBJC_WEAK = YES;
				CLANG_WARN_BLOCK_CAPTURE_AUTORELEASING = YES;
				CLANG_WARN_BOOL_CONVERSION = YES;
				CLANG_WARN_COMMA = YES;
				CLANG_WARN_CONSTANT_CONVERSION = YES;
				CLANG_WARN_DEPRECATED_OBJC_IMPLEMENTATIONS = YES;
				CLANG_WARN_DIRECT_OBJC_ISA_USAGE = YES_ERROR;
				CLANG_WARN_DOCUMENTATION_COMMENTS = YES;
				CLANG_WARN_EMPTY_BODY = YES;
				CLANG_WARN_ENUM_CONVERSION = YES;
				CLANG_WARN_INFINITE_RECURSION = YES;
				CLANG_WARN_INT_CONVERSION = YES;
				CLANG_WARN_NON_LITERAL_NULL_CONVERSION = YES;
				CLANG_WARN_OBJC_IMPLICIT_RETAIN_SELF = YES;
				CLANG_WARN_OBJC_LITERAL_CONVERSION = YES;
				CLANG_WARN_OBJC_ROOT_CLASS = YES_ERROR;
				CLANG_WARN_QUOTED_INCLUDE_IN_FRAMEWORK_HEADER = YES;
				CLANG_WARN_RANGE_LOOP_ANALYSIS = YES;
				CLANG_WARN_STRICT_PROTOTYPES = YES;
				CLANG_WARN_SUSPICIOUS_MOVE = YES;
				CLANG_WARN_UNGUARDED_AVAILABILITY = YES_AGGRESSIVE;
				CLANG_WARN_UNREACHABLE_CODE = YES;
				CLANG_WARN__DUPLICATE_METHOD_MATCH = YES;
				COPY_PHASE_STRIP = NO;
				DEBUG_INFORMATION_FORMAT = dwarf;
				ENABLE_STRICT_OBJC_MSGSEND = YES;
				ENABLE_TESTABILITY = YES;
				ENABLE_USER_SCRIPT_SANDBOXING = YES;
				GCC_C_LANGUAGE_STANDARD = gnu17;
				GCC_DYNAMIC_NO_PIC = NO;
				GCC_NO_COMMON_BLOCKS = YES;
				GCC_OPTIMIZATION_LEVEL = 0;
				GCC_PREPROCESSOR_DEFINITIONS = (
					"DEBUG=1",
					"$(inherited)",
				);
				GCC_WARN_64_TO_32_BIT_CONVERSION = YES;
				GCC_WARN_ABOUT_RETURN_TYPE = YES_ERROR;
				GCC_WARN_UNDECLARED_SELECTOR = YES;
				GCC_WARN_UNINITIALIZED_AUTOS = YES_AGGRESSIVE;
				GCC_WARN_UNUSED_FUNCTION = YES;
				GCC_WARN_UNUSED_VARIABLE = YES;
				LOCALIZATION_PREFERS_STRING_CATALOGS = YES;
				MTL_ENABLE_DEBUG_INFO = INCLUDE_SOURCE;
				MTL_FAST_MATH = YES;
				ONLY_ACTIVE_ARCH = YES;
				SWIFT_ACTIVE_COMPILATION_CONDITIONS = "DEBUG $(inherited)";
				SWIFT_OPTIMIZATION_LEVEL = "-Onone";
			};
			name = Debug;
		};
		A22425412CBBB5C900D34A36 /* Release */ = {
			isa = XCBuildConfiguration;
			buildSettings = {
				ALWAYS_SEARCH_USER_PATHS = NO;
				ASSETCATALOG_COMPILER_GENERATE_SWIFT_ASSET_SYMBOL_EXTENSIONS = YES;
				CLANG_ANALYZER_NONNULL = YES;
				CLANG_ANALYZER_NUMBER_OBJECT_CONVERSION = YES_AGGRESSIVE;
				CLANG_CXX_LANGUAGE_STANDARD = "gnu++20";
				CLANG_ENABLE_MODULES = YES;
				CLANG_ENABLE_OBJC_ARC = YES;
				CLANG_ENABLE_OBJC_WEAK = YES;
				CLANG_WARN_BLOCK_CAPTURE_AUTORELEASING = YES;
				CLANG_WARN_BOOL_CONVERSION = YES;
				CLANG_WARN_COMMA = YES;
				CLANG_WARN_CONSTANT_CONVERSION = YES;
				CLANG_WARN_DEPRECATED_OBJC_IMPLEMENTATIONS = YES;
				CLANG_WARN_DIRECT_OBJC_ISA_USAGE = YES_ERROR;
				CLANG_WARN_DOCUMENTATION_COMMENTS = YES;
				CLANG_WARN_EMPTY_BODY = YES;
				CLANG_WARN_ENUM_CONVERSION = YES;
				CLANG_WARN_INFINITE_RECURSION = YES;
				CLANG_WARN_INT_CONVERSION = YES;
				CLANG_WARN_NON_LITERAL_NULL_CONVERSION = YES;
				CLANG_WARN_OBJC_IMPLICIT_RETAIN_SELF = YES;
				CLANG_WARN_OBJC_LITERAL_CONVERSION = YES;
				CLANG_WARN_OBJC_ROOT_CLASS = YES_ERROR;
				CLANG_WARN_QUOTED_INCLUDE_IN_FRAMEWORK_HEADER = YES;
				CLANG_WARN_RANGE_LOOP_ANALYSIS = YES;
				CLANG_WARN_STRICT_PROTOTYPES = YES;
				CLANG_WARN_SUSPICIOUS_MOVE = YES;
				CLANG_WARN_UNGUARDED_AVAILABILITY = YES_AGGRESSIVE;
				CLANG_WARN_UNREACHABLE_CODE = YES;
				CLANG_WARN__DUPLICATE_METHOD_MATCH = YES;
				COPY_PHASE_STRIP = NO;
				DEBUG_INFORMATION_FORMAT = "dwarf-with-dsym";
				ENABLE_NS_ASSERTIONS = NO;
				ENABLE_STRICT_OBJC_MSGSEND = YES;
				ENABLE_USER_SCRIPT_SANDBOXING = YES;
				GCC_C_LANGUAGE_STANDARD = gnu17;
				GCC_NO_COMMON_BLOCKS = YES;
				GCC_WARN_64_TO_32_BIT_CONVERSION = YES;
				GCC_WARN_ABOUT_RETURN_TYPE = YES_ERROR;
				GCC_WARN_UNDECLARED_SELECTOR = YES;
				GCC_WARN_UNINITIALIZED_AUTOS = YES_AGGRESSIVE;
				GCC_WARN_UNUSED_FUNCTION = YES;
				GCC_WARN_UNUSED_VARIABLE = YES;
				LOCALIZATION_PREFERS_STRING_CATALOGS = YES;
				MTL_ENABLE_DEBUG_INFO = NO;
				MTL_FAST_MATH = YES;
				SWIFT_COMPILATION_MODE = wholemodule;
			};
			name = Release;
		};
		A22425432CBBB5C900D34A36 /* Debug */ = {
			isa = XCBuildConfiguration;
			buildSettings = {
				ASSETCATALOG_COMPILER_APPICON_NAME = AppIcon;
				ASSETCATALOG_COMPILER_GLOBAL_ACCENT_COLOR_NAME = AccentColor;
				CODE_SIGN_ENTITLEMENTS = "github-merge/github_merge.entitlements";
				CODE_SIGN_STYLE = Automatic;
				CURRENT_PROJECT_VERSION = 1;
				DEVELOPMENT_ASSET_PATHS = "\"github-merge/Preview Content\"";
				DEVELOPMENT_TEAM = B97JTSGWZ2;
				ENABLE_HARDENED_RUNTIME = YES;
				ENABLE_PREVIEWS = YES;
				GENERATE_INFOPLIST_FILE = YES;
				INFOPLIST_FILE = "github-merge/Info.plist";
				"INFOPLIST_KEY_UIApplicationSceneManifest_Generation[sdk=iphoneos*]" = YES;
				"INFOPLIST_KEY_UIApplicationSceneManifest_Generation[sdk=iphonesimulator*]" = YES;
				"INFOPLIST_KEY_UIApplicationSupportsIndirectInputEvents[sdk=iphoneos*]" = YES;
				"INFOPLIST_KEY_UIApplicationSupportsIndirectInputEvents[sdk=iphonesimulator*]" = YES;
				"INFOPLIST_KEY_UILaunchScreen_Generation[sdk=iphoneos*]" = YES;
				"INFOPLIST_KEY_UILaunchScreen_Generation[sdk=iphonesimulator*]" = YES;
				"INFOPLIST_KEY_UIStatusBarStyle[sdk=iphoneos*]" = UIStatusBarStyleDefault;
				"INFOPLIST_KEY_UIStatusBarStyle[sdk=iphonesimulator*]" = UIStatusBarStyleDefault;
				INFOPLIST_KEY_UISupportedInterfaceOrientations_iPad = "UIInterfaceOrientationPortrait UIInterfaceOrientationPortraitUpsideDown UIInterfaceOrientationLandscapeLeft UIInterfaceOrientationLandscapeRight";
				INFOPLIST_KEY_UISupportedInterfaceOrientations_iPhone = "UIInterfaceOrientationPortrait UIInterfaceOrientationLandscapeLeft UIInterfaceOrientationLandscapeRight";
				IPHONEOS_DEPLOYMENT_TARGET = 18.0;
				LD_RUNPATH_SEARCH_PATHS = "@executable_path/Frameworks";
				"LD_RUNPATH_SEARCH_PATHS[sdk=macosx*]" = "@executable_path/../Frameworks";
				MACOSX_DEPLOYMENT_TARGET = 14.0;
				MARKETING_VERSION = 1.0;
				PRODUCT_BUNDLE_IDENTIFIER = "com.shibuyaxpress.github-merge";
				PRODUCT_NAME = "$(TARGET_NAME)";
				SDKROOT = auto;
				SUPPORTED_PLATFORMS = "iphoneos iphonesimulator macosx xros xrsimulator";
				SWIFT_EMIT_LOC_STRINGS = YES;
				SWIFT_VERSION = 5.0;
				TARGETED_DEVICE_FAMILY = "1,2,7";
				XROS_DEPLOYMENT_TARGET = 2.0;
			};
			name = Debug;
		};
		A22425442CBBB5C900D34A36 /* Release */ = {
			isa = XCBuildConfiguration;
			buildSettings = {
				ASSETCATALOG_COMPILER_APPICON_NAME = AppIcon;
				ASSETCATALOG_COMPILER_GLOBAL_ACCENT_COLOR_NAME = AccentColor;
				CODE_SIGN_ENTITLEMENTS = "github-merge/github_merge.entitlements";
				CODE_SIGN_STYLE = Automatic;
				CURRENT_PROJECT_VERSION = 1;
				DEVELOPMENT_ASSET_PATHS = "\"github-merge/Preview Content\"";
				DEVELOPMENT_TEAM = B97JTSGWZ2;
				ENABLE_HARDENED_RUNTIME = YES;
				ENABLE_PREVIEWS = YES;
				GENERATE_INFOPLIST_FILE = YES;
				INFOPLIST_FILE = "github-merge/Info.plist";
				"INFOPLIST_KEY_UIApplicationSceneManifest_Generation[sdk=iphoneos*]" = YES;
				"INFOPLIST_KEY_UIApplicationSceneManifest_Generation[sdk=iphonesimulator*]" = YES;
				"INFOPLIST_KEY_UIApplicationSupportsIndirectInputEvents[sdk=iphoneos*]" = YES;
				"INFOPLIST_KEY_UIApplicationSupportsIndirectInputEvents[sdk=iphonesimulator*]" = YES;
				"INFOPLIST_KEY_UILaunchScreen_Generation[sdk=iphoneos*]" = YES;
				"INFOPLIST_KEY_UILaunchScreen_Generation[sdk=iphonesimulator*]" = YES;
				"INFOPLIST_KEY_UIStatusBarStyle[sdk=iphoneos*]" = UIStatusBarStyleDefault;
				"INFOPLIST_KEY_UIStatusBarStyle[sdk=iphonesimulator*]" = UIStatusBarStyleDefault;
				INFOPLIST_KEY_UISupportedInterfaceOrientations_iPad = "UIInterfaceOrientationPortrait UIInterfaceOrientationPortraitUpsideDown UIInterfaceOrientationLandscapeLeft UIInterfaceOrientationLandscapeRight";
				INFOPLIST_KEY_UISupportedInterfaceOrientations_iPhone = "UIInterfaceOrientationPortrait UIInterfaceOrientationLandscapeLeft UIInterfaceOrientationLandscapeRight";
				IPHONEOS_DEPLOYMENT_TARGET = 18.0;
				LD_RUNPATH_SEARCH_PATHS = "@executable_path/Frameworks";
				"LD_RUNPATH_SEARCH_PATHS[sdk=macosx*]" = "@executable_path/../Frameworks";
				MACOSX_DEPLOYMENT_TARGET = 14.0;
				MARKETING_VERSION = 1.0;
				PRODUCT_BUNDLE_IDENTIFIER = "com.shibuyaxpress.github-merge";
				PRODUCT_NAME = "$(TARGET_NAME)";
				SDKROOT = auto;
				SUPPORTED_PLATFORMS = "iphoneos iphonesimulator macosx xros xrsimulator";
				SWIFT_EMIT_LOC_STRINGS = YES;
				SWIFT_VERSION = 5.0;
				TARGETED_DEVICE_FAMILY = "1,2,7";
				XROS_DEPLOYMENT_TARGET = 2.0;
			};
			name = Release;
		};
		A22425462CBBB5C900D34A36 /* Debug */ = {
			isa = XCBuildConfiguration;
			buildSettings = {
				BUNDLE_LOADER = "$(TEST_HOST)";
				CODE_SIGN_STYLE = Automatic;
				CURRENT_PROJECT_VERSION = 1;
				DEVELOPMENT_TEAM = B97JTSGWZ2;
				GENERATE_INFOPLIST_FILE = YES;
				IPHONEOS_DEPLOYMENT_TARGET = 18.0;
				MACOSX_DEPLOYMENT_TARGET = 15.0;
				MARKETING_VERSION = 1.0;
				PRODUCT_BUNDLE_IDENTIFIER = "com.shibuyaxpress.github-mergeTests";
				PRODUCT_NAME = "$(TARGET_NAME)";
				SDKROOT = auto;
				SUPPORTED_PLATFORMS = "iphoneos iphonesimulator macosx xros xrsimulator";
				SWIFT_EMIT_LOC_STRINGS = NO;
				SWIFT_VERSION = 5.0;
				TARGETED_DEVICE_FAMILY = "1,2,7";
				TEST_HOST = "$(BUILT_PRODUCTS_DIR)/github-merge.app/$(BUNDLE_EXECUTABLE_FOLDER_PATH)/github-merge";
				XROS_DEPLOYMENT_TARGET = 2.0;
			};
			name = Debug;
		};
		A22425472CBBB5C900D34A36 /* Release */ = {
			isa = XCBuildConfiguration;
			buildSettings = {
				BUNDLE_LOADER = "$(TEST_HOST)";
				CODE_SIGN_STYLE = Automatic;
				CURRENT_PROJECT_VERSION = 1;
				DEVELOPMENT_TEAM = B97JTSGWZ2;
				GENERATE_INFOPLIST_FILE = YES;
				IPHONEOS_DEPLOYMENT_TARGET = 18.0;
				MACOSX_DEPLOYMENT_TARGET = 15.0;
				MARKETING_VERSION = 1.0;
				PRODUCT_BUNDLE_IDENTIFIER = "com.shibuyaxpress.github-mergeTests";
				PRODUCT_NAME = "$(TARGET_NAME)";
				SDKROOT = auto;
				SUPPORTED_PLATFORMS = "iphoneos iphonesimulator macosx xros xrsimulator";
				SWIFT_EMIT_LOC_STRINGS = NO;
				SWIFT_VERSION = 5.0;
				TARGETED_DEVICE_FAMILY = "1,2,7";
				TEST_HOST = "$(BUILT_PRODUCTS_DIR)/github-merge.app/$(BUNDLE_EXECUTABLE_FOLDER_PATH)/github-merge";
				XROS_DEPLOYMENT_TARGET = 2.0;
			};
			name = Release;
		};
		A22425492CBBB5C900D34A36 /* Debug */ = {
			isa = XCBuildConfiguration;
			buildSettings = {
				CODE_SIGN_STYLE = Automatic;
				CURRENT_PROJECT_VERSION = 1;
				DEVELOPMENT_TEAM = B97JTSGWZ2;
				GENERATE_INFOPLIST_FILE = YES;
				IPHONEOS_DEPLOYMENT_TARGET = 18.0;
				MACOSX_DEPLOYMENT_TARGET = 15.0;
				MARKETING_VERSION = 1.0;
				PRODUCT_BUNDLE_IDENTIFIER = "com.shibuyaxpress.github-mergeUITests";
				PRODUCT_NAME = "$(TARGET_NAME)";
				SDKROOT = auto;
				SUPPORTED_PLATFORMS = "iphoneos iphonesimulator macosx xros xrsimulator";
				SWIFT_EMIT_LOC_STRINGS = NO;
				SWIFT_VERSION = 5.0;
				TARGETED_DEVICE_FAMILY = "1,2,7";
				TEST_TARGET_NAME = "github-merge";
				XROS_DEPLOYMENT_TARGET = 2.0;
			};
			name = Debug;
		};
		A224254A2CBBB5C900D34A36 /* Release */ = {
			isa = XCBuildConfiguration;
			buildSettings = {
				CODE_SIGN_STYLE = Automatic;
				CURRENT_PROJECT_VERSION = 1;
				DEVELOPMENT_TEAM = B97JTSGWZ2;
				GENERATE_INFOPLIST_FILE = YES;
				IPHONEOS_DEPLOYMENT_TARGET = 18.0;
				MACOSX_DEPLOYMENT_TARGET = 15.0;
				MARKETING_VERSION = 1.0;
				PRODUCT_BUNDLE_IDENTIFIER = "com.shibuyaxpress.github-mergeUITests";
				PRODUCT_NAME = "$(TARGET_NAME)";
				SDKROOT = auto;
				SUPPORTED_PLATFORMS = "iphoneos iphonesimulator macosx xros xrsimulator";
				SWIFT_EMIT_LOC_STRINGS = NO;
				SWIFT_VERSION = 5.0;
				TARGETED_DEVICE_FAMILY = "1,2,7";
				TEST_TARGET_NAME = "github-merge";
				XROS_DEPLOYMENT_TARGET = 2.0;
			};
			name = Release;
		};
/* End XCBuildConfiguration section */

/* Begin XCConfigurationList section */
		A22425162CBBB5C700D34A36 /* Build configuration list for PBXProject "github-merge" */ = {
			isa = XCConfigurationList;
			buildConfigurations = (
				A22425402CBBB5C900D34A36 /* Debug */,
				A22425412CBBB5C900D34A36 /* Release */,
			);
			defaultConfigurationIsVisible = 0;
			defaultConfigurationName = Release;
		};
		A22425422CBBB5C900D34A36 /* Build configuration list for PBXNativeTarget "github-merge" */ = {
			isa = XCConfigurationList;
			buildConfigurations = (
				A22425432CBBB5C900D34A36 /* Debug */,
				A22425442CBBB5C900D34A36 /* Release */,
			);
			defaultConfigurationIsVisible = 0;
			defaultConfigurationName = Release;
		};
		A22425452CBBB5C900D34A36 /* Build configuration list for PBXNativeTarget "github-mergeTests" */ = {
			isa = XCConfigurationList;
			buildConfigurations = (
				A22425462CBBB5C900D34A36 /* Debug */,
				A22425472CBBB5C900D34A36 /* Release */,
			);
			defaultConfigurationIsVisible = 0;
			defaultConfigurationName = Release;
		};
		A22425482CBBB5C900D34A36 /* Build configuration list for PBXNativeTarget "github-mergeUITests" */ = {
			isa = XCConfigurationList;
			buildConfigurations = (
				A22425492CBBB5C900D34A36 /* Debug */,
				A224254A2CBBB5C900D34A36 /* Release */,
			);
			defaultConfigurationIsVisible = 0;
			defaultConfigurationName = Release;
		};
/* End XCConfigurationList section */

/* Begin XCLocalSwiftPackageReference section */
		A224255C2CBCBAB600D34A36 /* XCLocalSwiftPackageReference "../../SwordWard" */ = {
			isa = XCLocalSwiftPackageReference;
			relativePath = ../../SwordWard;
		};
/* End XCLocalSwiftPackageReference section */

/* Begin XCSwiftPackageProductDependency section */
		A224255D2CBCBAB600D34A36 /* SwordWard */ = {
			isa = XCSwiftPackageProductDependency;
			productName = SwordWard;
		};
/* End XCSwiftPackageProductDependency section */
	};
	rootObject = A22425132CBBB5C700D34A36 /* Project object */;
}
